
Microsoft Visual Studio Solution File, Format Version 12.00
# Visual Studio Version 16
VisualStudioVersion = 16.0.29613.14
MinimumVisualStudioVersion = 10.0.40219.1
Project("{FAE04EC0-301F-11D3-BF4B-00C04F79EFBC}") = "GrafickyEditor", "GrafickyEditor\GrafickyEditor.csproj", "{B1AC5FC7-BE0F-426B-9C8E-9A781F243932}"
EndProject
Project("{FAE04EC0-301F-11D3-BF4B-00C04F79EFBC}") = "UnitTestProject", "UnitTestProject\UnitTestProject.csproj", "{0EE8A2D1-ED60-4797-B7F2-0E6AE7F0F86A}"
EndProject
Global
	GlobalSection(SolutionConfigurationPlatforms) = preSolution
		Debug|Any CPU = Debug|Any CPU
		Release|Any CPU = Release|Any CPU
	EndGlobalSection
	GlobalSection(ProjectConfigurationPlatforms) = postSolution
		{B1AC5FC7-BE0F-426B-9C8E-9A781F243932}.Debug|Any CPU.ActiveCfg = Debug|Any CPU
		{B1AC5FC7-BE0F-426B-9C8E-9A781F243932}.Debug|Any CPU.Build.0 = Debug|Any CPU
		{B1AC5FC7-BE0F-426B-9C8E-9A781F243932}.Release|Any CPU.ActiveCfg = Release|Any CPU
		{B1AC5FC7-BE0F-426B-9C8E-9A781F243932}.Release|Any CPU.Build.0 = Release|Any CPU
		{0EE8A2D1-ED60-4797-B7F2-0E6AE7F0F86A}.Debug|Any CPU.ActiveCfg = Debug|Any CPU
		{0EE8A2D1-ED60-4797-B7F2-0E6AE7F0F86A}.Debug|Any CPU.Build.0 = Debug|Any CPU
		{0EE8A2D1-ED60-4797-B7F2-0E6AE7F0F86A}.Release|Any CPU.ActiveCfg = Release|Any CPU
		{0EE8A2D1-ED60-4797-B7F2-0E6AE7F0F86A}.Release|Any CPU.Build.0 = Release|Any CPU
	EndGlobalSection
	GlobalSection(SolutionProperties) = preSolution
		HideSolutionNode = FALSE
	EndGlobalSection
	GlobalSection(ExtensibilityGlobals) = postSolution
		SolutionGuid = {80E13AEF-6933-4895-A138-BFBA3F000F2D}
	EndGlobalSection
EndGlobal
